
Microsoft Visual Studio Solution File, Format Version 12.00
# Visual Studio 14
VisualStudioVersion = 14.0.25420.1
MinimumVisualStudioVersion = 10.0.40219.1
Project("{FAE04EC0-301F-11D3-BF4B-00C04F79EFBC}") = "StokTakipSistemi", "StokTakipSistemi\StokTakipSistemi.csproj", "{A80BEC0C-BACA-4D86-A35E-5ACD65078F4A}"
EndProject
Project("{FAE04EC0-301F-11D3-BF4B-00C04F79EFBC}") = "UnitTestStokTakipSistemi", "UnitTestStokTakipSistemi\UnitTestStokTakipSistemi.csproj", "{60A2D594-7A6C-4A76-ACF0-4CB70DA1A7A3}"
EndProject
Global
	GlobalSection(SolutionConfigurationPlatforms) = preSolution
		Debug|Any CPU = Debug|Any CPU
		Release|Any CPU = Release|Any CPU
	EndGlobalSection
	GlobalSection(ProjectConfigurationPlatforms) = postSolution
		{A80BEC0C-BACA-4D86-A35E-5ACD65078F4A}.Debug|Any CPU.ActiveCfg = Debug|Any CPU
		{A80BEC0C-BACA-4D86-A35E-5ACD65078F4A}.Debug|Any CPU.Build.0 = Debug|Any CPU
		{A80BEC0C-BACA-4D86-A35E-5ACD65078F4A}.Release|Any CPU.ActiveCfg = Release|Any CPU
		{A80BEC0C-BACA-4D86-A35E-5ACD65078F4A}.Release|Any CPU.Build.0 = Release|Any CPU
		{60A2D594-7A6C-4A76-ACF0-4CB70DA1A7A3}.Debug|Any CPU.ActiveCfg = Debug|Any CPU
		{60A2D594-7A6C-4A76-ACF0-4CB70DA1A7A3}.Debug|Any CPU.Build.0 = Debug|Any CPU
		{60A2D594-7A6C-4A76-ACF0-4CB70DA1A7A3}.Release|Any CPU.ActiveCfg = Release|Any CPU
		{60A2D594-7A6C-4A76-ACF0-4CB70DA1A7A3}.Release|Any CPU.Build.0 = Release|Any CPU
	EndGlobalSection
	GlobalSection(SolutionProperties) = preSolution
		HideSolutionNode = FALSE
	EndGlobalSection
EndGlobal
